// !$*UTF8*$!
{
	archiveVersion = 1;
	classes = {
	};
	objectVersion = 48;
	objects = {

/* Begin PBXBuildFile section */
		0457338064CADB062FFD3852 /* Pods_Dealmaker.framework in Frameworks */ = {isa = PBXBuildFile; fileRef = EB56BCEEB95EF78E166A146A /* Pods_Dealmaker.framework */; };
		0611F81420685E5F00C0D19D /* CircleView.swift in Sources */ = {isa = PBXBuildFile; fileRef = 0611F81320685E5F00C0D19D /* CircleView.swift */; };
		0611F81620685E7B00C0D19D /* CirclesBarDelegate.swift in Sources */ = {isa = PBXBuildFile; fileRef = 0611F81520685E7B00C0D19D /* CirclesBarDelegate.swift */; };
		0611F81920685EFC00C0D19D /* Visualization helper.swift in Sources */ = {isa = PBXBuildFile; fileRef = 0611F81820685EFC00C0D19D /* Visualization helper.swift */; };
		0611F81E20685FE100C0D19D /* CirclesTableCell.swift in Sources */ = {isa = PBXBuildFile; fileRef = 0611F81D20685FE100C0D19D /* CirclesTableCell.swift */; };
		0611F82020685FF300C0D19D /* CirclesTableDataSource.swift in Sources */ = {isa = PBXBuildFile; fileRef = 0611F81F20685FF300C0D19D /* CirclesTableDataSource.swift */; };
		0611F8222068604700C0D19D /* CirclesTableItem.swift in Sources */ = {isa = PBXBuildFile; fileRef = 0611F8212068604700C0D19D /* CirclesTableItem.swift */; };
		0611F827206872BF00C0D19D /* states.txt in Resources */ = {isa = PBXBuildFile; fileRef = 0611F826206872BF00C0D19D /* states.txt */; };
		0611F8292068743200C0D19D /* topics.txt in Resources */ = {isa = PBXBuildFile; fileRef = 0611F8282068743200C0D19D /* topics.txt */; };
		0611F82B206884D200C0D19D /* Setup selected.swift in Sources */ = {isa = PBXBuildFile; fileRef = 0611F82A206884D200C0D19D /* Setup selected.swift */; };
		0629D646206AC5E000F22346 /* Lines overlay.swift in Sources */ = {isa = PBXBuildFile; fileRef = 0629D645206AC5E000F22346 /* Lines overlay.swift */; };
		062C19D6207065490093EB1D /* Touch delegate.swift in Sources */ = {isa = PBXBuildFile; fileRef = 062C19D5207065490093EB1D /* Touch delegate.swift */; };
		062CCC0620673DAB00DE8A18 /* VisualizationViewController.swift in Sources */ = {isa = PBXBuildFile; fileRef = 062CCC0520673DAB00DE8A18 /* VisualizationViewController.swift */; };
		062CCC0920673DCB00DE8A18 /* GeographicVisualizationView.swift in Sources */ = {isa = PBXBuildFile; fileRef = 062CCC0820673DCB00DE8A18 /* GeographicVisualizationView.swift */; };
		062CCC1420674DDD00DE8A18 /* ButtonHelper.swift in Sources */ = {isa = PBXBuildFile; fileRef = 062CCC1320674DDD00DE8A18 /* ButtonHelper.swift */; };
		065DD436206676F200A8D8B6 /* AppDelegate.swift in Sources */ = {isa = PBXBuildFile; fileRef = 065DD435206676F200A8D8B6 /* AppDelegate.swift */; };
		065DD438206676F200A8D8B6 /* MainViewController.swift in Sources */ = {isa = PBXBuildFile; fileRef = 065DD437206676F200A8D8B6 /* MainViewController.swift */; };
		065DD43B206676F200A8D8B6 /* Main.storyboard in Resources */ = {isa = PBXBuildFile; fileRef = 065DD439206676F200A8D8B6 /* Main.storyboard */; };
		065DD43D206676F200A8D8B6 /* Assets.xcassets in Resources */ = {isa = PBXBuildFile; fileRef = 065DD43C206676F200A8D8B6 /* Assets.xcassets */; };
		065DD440206676F200A8D8B6 /* LaunchScreen.storyboard in Resources */ = {isa = PBXBuildFile; fileRef = 065DD43E206676F200A8D8B6 /* LaunchScreen.storyboard */; };
		065DD4642066774700A8D8B6 /* Colors.swift in Sources */ = {isa = PBXBuildFile; fileRef = 065DD4632066774700A8D8B6 /* Colors.swift */; };
		065DD4662066775D00A8D8B6 /* UI components.swift in Sources */ = {isa = PBXBuildFile; fileRef = 065DD4652066775D00A8D8B6 /* UI components.swift */; };
		065DD486206677DC00A8D8B6 /* LogoAnim.swift in Sources */ = {isa = PBXBuildFile; fileRef = 065DD485206677DC00A8D8B6 /* LogoAnim.swift */; };
		065DD48B20667B4200A8D8B6 /* Kiona-Regular.ttf in Resources */ = {isa = PBXBuildFile; fileRef = 065DD48A20667B4200A8D8B6 /* Kiona-Regular.ttf */; };
		06658FEB206C104C000E0285 /* SliderDrawer.swift in Sources */ = {isa = PBXBuildFile; fileRef = 06658FEA206C104C000E0285 /* SliderDrawer.swift */; };
		067700CB20703E47009F6426 /* WheelVisualizationView.swift in Sources */ = {isa = PBXBuildFile; fileRef = 067700CA20703E47009F6426 /* WheelVisualizationView.swift */; };
		067700CF20703F0B009F6426 /* W Fetch data.swift in Sources */ = {isa = PBXBuildFile; fileRef = 067700CD20703F0B009F6426 /* W Fetch data.swift */; };
		067700D020703F0B009F6426 /* W Parse data.swift in Sources */ = {isa = PBXBuildFile; fileRef = 067700CE20703F0B009F6426 /* W Parse data.swift */; };
		067700D320703F9E009F6426 /* G Fetch data.swift in Sources */ = {isa = PBXBuildFile; fileRef = 067700D120703F9E009F6426 /* G Fetch data.swift */; };
		067700D420703F9E009F6426 /* G Parse data.swift in Sources */ = {isa = PBXBuildFile; fileRef = 067700D220703F9E009F6426 /* G Parse data.swift */; };
		067700D620703FE3009F6426 /* Congresspersons.swift in Sources */ = {isa = PBXBuildFile; fileRef = 067700D520703FE3009F6426 /* Congresspersons.swift */; };
		067700D9207051DB009F6426 /* WheelDraw.swift in Sources */ = {isa = PBXBuildFile; fileRef = 067700D8207051DB009F6426 /* WheelDraw.swift */; };
		0679BA922067F95E005BB22C /* CirclesBar.swift in Sources */ = {isa = PBXBuildFile; fileRef = 0679BA912067F95E005BB22C /* CirclesBar.swift */; };
		068F86D420715B030064D1DE /* PartisanshipVisualizationView.swift in Sources */ = {isa = PBXBuildFile; fileRef = 068F86D320715B030064D1DE /* PartisanshipVisualizationView.swift */; };
		068F86D720715B190064D1DE /* P Fetch data.swift in Sources */ = {isa = PBXBuildFile; fileRef = 068F86D620715B190064D1DE /* P Fetch data.swift */; };
		068F86D920715B1E0064D1DE /* P Parse data.swift in Sources */ = {isa = PBXBuildFile; fileRef = 068F86D820715B1E0064D1DE /* P Parse data.swift */; };
		068F86DB20715DBB0064D1DE /* P table delegate.swift in Sources */ = {isa = PBXBuildFile; fileRef = 068F86DA20715DBB0064D1DE /* P table delegate.swift */; };
		068F86DD20715E9D0064D1DE /* PartisanshipCell.swift in Sources */ = {isa = PBXBuildFile; fileRef = 068F86DC20715E9D0064D1DE /* PartisanshipCell.swift */; };
		068F86DF207160230064D1DE /* P table datasource.swift in Sources */ = {isa = PBXBuildFile; fileRef = 068F86DE207160230064D1DE /* P table datasource.swift */; };
		068F86E1207164F50064D1DE /* PartisanshipSlider.swift in Sources */ = {isa = PBXBuildFile; fileRef = 068F86E0207164F50064D1DE /* PartisanshipSlider.swift */; };
		06BA35BB206C78A400CCEE6C /* GeoVisDelegate.swift in Sources */ = {isa = PBXBuildFile; fileRef = 06BA35BA206C78A400CCEE6C /* GeoVisDelegate.swift */; };
		06BA35BD206C799B00CCEE6C /* GeoVisDrawLines.swift in Sources */ = {isa = PBXBuildFile; fileRef = 06BA35BC206C799B00CCEE6C /* GeoVisDrawLines.swift */; };
		06BA35BF206C8C8900CCEE6C /* ImageAnnotation.swift in Sources */ = {isa = PBXBuildFile; fileRef = 06BA35BE206C8C8900CCEE6C /* ImageAnnotation.swift */; };
		06C584272069AC00001EBBCB /* AsyncImageView.swift in Sources */ = {isa = PBXBuildFile; fileRef = 06C584262069AC00001EBBCB /* AsyncImageView.swift */; };
		06C99E54206836D800B9757A /* CirclesTable.swift in Sources */ = {isa = PBXBuildFile; fileRef = 06C99E53206836D800B9757A /* CirclesTable.swift */; };
		06C99E5720685BE900B9757A /* VisualizationMenu.swift in Sources */ = {isa = PBXBuildFile; fileRef = 06C99E5620685BE900B9757A /* VisualizationMenu.swift */; };
		365EC048E47AC97878D24382 /* Pods_DealmakerUITests.framework in Frameworks */ = {isa = PBXBuildFile; fileRef = 6B978856EAE4D8652E1F0747 /* Pods_DealmakerUITests.framework */; };
		E204DD7FC607F621D574BEB9 /* Pods_DealmakerTests.framework in Frameworks */ = {isa = PBXBuildFile; fileRef = B66A95E690A2195CE1946A83 /* Pods_DealmakerTests.framework */; };
/* End PBXBuildFile section */

/* Begin PBXContainerItemProxy section */
		065DD447206676F200A8D8B6 /* PBXContainerItemProxy */ = {
			isa = PBXContainerItemProxy;
			containerPortal = 065DD42A206676F200A8D8B6 /* Project object */;
			proxyType = 1;
			remoteGlobalIDString = 065DD431206676F200A8D8B6;
			remoteInfo = Dealmaker;
		};
		065DD452206676F200A8D8B6 /* PBXContainerItemProxy */ = {
			isa = PBXContainerItemProxy;
			containerPortal = 065DD42A206676F200A8D8B6 /* Project object */;
			proxyType = 1;
			remoteGlobalIDString = 065DD431206676F200A8D8B6;
			remoteInfo = Dealmaker;
		};
/* End PBXContainerItemProxy section */

/* Begin PBXFileReference section */
		05B8362C104BACCB04EC64BF /* Pods-DealmakerTests.release.xcconfig */ = {isa = PBXFileReference; includeInIndex = 1; lastKnownFileType = text.xcconfig; name = "Pods-DealmakerTests.release.xcconfig"; path = "Pods/Target Support Files/Pods-DealmakerTests/Pods-DealmakerTests.release.xcconfig"; sourceTree = "<group>"; };
		0611F81320685E5F00C0D19D /* CircleView.swift */ = {isa = PBXFileReference; lastKnownFileType = sourcecode.swift; path = CircleView.swift; sourceTree = "<group>"; };
		0611F81520685E7B00C0D19D /* CirclesBarDelegate.swift */ = {isa = PBXFileReference; lastKnownFileType = sourcecode.swift; path = CirclesBarDelegate.swift; sourceTree = "<group>"; };
		0611F81820685EFC00C0D19D /* Visualization helper.swift */ = {isa = PBXFileReference; lastKnownFileType = sourcecode.swift; path = "Visualization helper.swift"; sourceTree = "<group>"; };
		0611F81D20685FE100C0D19D /* CirclesTableCell.swift */ = {isa = PBXFileReference; lastKnownFileType = sourcecode.swift; path = CirclesTableCell.swift; sourceTree = "<group>"; };
		0611F81F20685FF300C0D19D /* CirclesTableDataSource.swift */ = {isa = PBXFileReference; lastKnownFileType = sourcecode.swift; path = CirclesTableDataSource.swift; sourceTree = "<group>"; };
		0611F8212068604700C0D19D /* CirclesTableItem.swift */ = {isa = PBXFileReference; lastKnownFileType = sourcecode.swift; path = CirclesTableItem.swift; sourceTree = "<group>"; };
		0611F826206872BF00C0D19D /* states.txt */ = {isa = PBXFileReference; lastKnownFileType = text; path = states.txt; sourceTree = "<group>"; };
		0611F8282068743200C0D19D /* topics.txt */ = {isa = PBXFileReference; lastKnownFileType = text; path = topics.txt; sourceTree = "<group>"; };
		0611F82A206884D200C0D19D /* Setup selected.swift */ = {isa = PBXFileReference; lastKnownFileType = sourcecode.swift; path = "Setup selected.swift"; sourceTree = "<group>"; };
		0629D645206AC5E000F22346 /* Lines overlay.swift */ = {isa = PBXFileReference; lastKnownFileType = sourcecode.swift; path = "Lines overlay.swift"; sourceTree = "<group>"; };
		062C19D5207065490093EB1D /* Touch delegate.swift */ = {isa = PBXFileReference; lastKnownFileType = sourcecode.swift; path = "Touch delegate.swift"; sourceTree = "<group>"; };
		062CCC0520673DAB00DE8A18 /* VisualizationViewController.swift */ = {isa = PBXFileReference; lastKnownFileType = sourcecode.swift; path = VisualizationViewController.swift; sourceTree = "<group>"; };
		062CCC0820673DCB00DE8A18 /* GeographicVisualizationView.swift */ = {isa = PBXFileReference; lastKnownFileType = sourcecode.swift; path = GeographicVisualizationView.swift; sourceTree = "<group>"; };
		062CCC1320674DDD00DE8A18 /* ButtonHelper.swift */ = {isa = PBXFileReference; lastKnownFileType = sourcecode.swift; path = ButtonHelper.swift; sourceTree = "<group>"; };
		065DD432206676F200A8D8B6 /* Dealmaker.app */ = {isa = PBXFileReference; explicitFileType = wrapper.application; includeInIndex = 0; path = Dealmaker.app; sourceTree = BUILT_PRODUCTS_DIR; };
		065DD435206676F200A8D8B6 /* AppDelegate.swift */ = {isa = PBXFileReference; lastKnownFileType = sourcecode.swift; path = AppDelegate.swift; sourceTree = "<group>"; };
		065DD437206676F200A8D8B6 /* MainViewController.swift */ = {isa = PBXFileReference; lastKnownFileType = sourcecode.swift; path = MainViewController.swift; sourceTree = "<group>"; };
		065DD43A206676F200A8D8B6 /* Base */ = {isa = PBXFileReference; lastKnownFileType = file.storyboard; name = Base; path = Base.lproj/Main.storyboard; sourceTree = "<group>"; };
		065DD43C206676F200A8D8B6 /* Assets.xcassets */ = {isa = PBXFileReference; lastKnownFileType = folder.assetcatalog; path = Assets.xcassets; sourceTree = "<group>"; };
		065DD43F206676F200A8D8B6 /* Base */ = {isa = PBXFileReference; lastKnownFileType = file.storyboard; name = Base; path = Base.lproj/LaunchScreen.storyboard; sourceTree = "<group>"; };
		065DD441206676F200A8D8B6 /* Info.plist */ = {isa = PBXFileReference; lastKnownFileType = text.plist.xml; path = Info.plist; sourceTree = "<group>"; };
		065DD446206676F200A8D8B6 /* DealmakerTests.xctest */ = {isa = PBXFileReference; explicitFileType = wrapper.cfbundle; includeInIndex = 0; path = DealmakerTests.xctest; sourceTree = BUILT_PRODUCTS_DIR; };
		065DD451206676F200A8D8B6 /* DealmakerUITests.xctest */ = {isa = PBXFileReference; explicitFileType = wrapper.cfbundle; includeInIndex = 0; path = DealmakerUITests.xctest; sourceTree = BUILT_PRODUCTS_DIR; };
		065DD4632066774700A8D8B6 /* Colors.swift */ = {isa = PBXFileReference; fileEncoding = 4; lastKnownFileType = sourcecode.swift; path = Colors.swift; sourceTree = "<group>"; };
		065DD4652066775D00A8D8B6 /* UI components.swift */ = {isa = PBXFileReference; fileEncoding = 4; lastKnownFileType = sourcecode.swift; path = "UI components.swift"; sourceTree = "<group>"; };
		065DD485206677DC00A8D8B6 /* LogoAnim.swift */ = {isa = PBXFileReference; fileEncoding = 4; lastKnownFileType = sourcecode.swift; path = LogoAnim.swift; sourceTree = "<group>"; };
		065DD48A20667B4200A8D8B6 /* Kiona-Regular.ttf */ = {isa = PBXFileReference; lastKnownFileType = file; path = "Kiona-Regular.ttf"; sourceTree = "<group>"; };
		06658FEA206C104C000E0285 /* SliderDrawer.swift */ = {isa = PBXFileReference; lastKnownFileType = sourcecode.swift; path = SliderDrawer.swift; sourceTree = "<group>"; };
		067700CA20703E47009F6426 /* WheelVisualizationView.swift */ = {isa = PBXFileReference; lastKnownFileType = sourcecode.swift; path = WheelVisualizationView.swift; sourceTree = "<group>"; };
		067700CD20703F0B009F6426 /* W Fetch data.swift */ = {isa = PBXFileReference; fileEncoding = 4; lastKnownFileType = sourcecode.swift; path = "W Fetch data.swift"; sourceTree = "<group>"; };
		067700CE20703F0B009F6426 /* W Parse data.swift */ = {isa = PBXFileReference; fileEncoding = 4; lastKnownFileType = sourcecode.swift; path = "W Parse data.swift"; sourceTree = "<group>"; };
		067700D120703F9E009F6426 /* G Fetch data.swift */ = {isa = PBXFileReference; fileEncoding = 4; lastKnownFileType = sourcecode.swift; path = "G Fetch data.swift"; sourceTree = "<group>"; };
		067700D220703F9E009F6426 /* G Parse data.swift */ = {isa = PBXFileReference; fileEncoding = 4; lastKnownFileType = sourcecode.swift; path = "G Parse data.swift"; sourceTree = "<group>"; };
		067700D520703FE3009F6426 /* Congresspersons.swift */ = {isa = PBXFileReference; lastKnownFileType = sourcecode.swift; path = Congresspersons.swift; sourceTree = "<group>"; };
		067700D8207051DB009F6426 /* WheelDraw.swift */ = {isa = PBXFileReference; lastKnownFileType = sourcecode.swift; path = WheelDraw.swift; sourceTree = "<group>"; };
		0679BA912067F95E005BB22C /* CirclesBar.swift */ = {isa = PBXFileReference; lastKnownFileType = sourcecode.swift; path = CirclesBar.swift; sourceTree = "<group>"; };
		068F86D320715B030064D1DE /* PartisanshipVisualizationView.swift */ = {isa = PBXFileReference; lastKnownFileType = sourcecode.swift; path = PartisanshipVisualizationView.swift; sourceTree = "<group>"; };
		068F86D620715B190064D1DE /* P Fetch data.swift */ = {isa = PBXFileReference; lastKnownFileType = sourcecode.swift; path = "P Fetch data.swift"; sourceTree = "<group>"; };
		068F86D820715B1E0064D1DE /* P Parse data.swift */ = {isa = PBXFileReference; lastKnownFileType = sourcecode.swift; path = "P Parse data.swift"; sourceTree = "<group>"; };
		068F86DA20715DBB0064D1DE /* P table delegate.swift */ = {isa = PBXFileReference; lastKnownFileType = sourcecode.swift; path = "P table delegate.swift"; sourceTree = "<group>"; };
		068F86DC20715E9D0064D1DE /* PartisanshipCell.swift */ = {isa = PBXFileReference; lastKnownFileType = sourcecode.swift; path = PartisanshipCell.swift; sourceTree = "<group>"; };
		068F86DE207160230064D1DE /* P table datasource.swift */ = {isa = PBXFileReference; lastKnownFileType = sourcecode.swift; path = "P table datasource.swift"; sourceTree = "<group>"; };
		068F86E0207164F50064D1DE /* PartisanshipSlider.swift */ = {isa = PBXFileReference; lastKnownFileType = sourcecode.swift; path = PartisanshipSlider.swift; sourceTree = "<group>"; };
		06BA35BA206C78A400CCEE6C /* GeoVisDelegate.swift */ = {isa = PBXFileReference; lastKnownFileType = sourcecode.swift; path = GeoVisDelegate.swift; sourceTree = "<group>"; };
		06BA35BC206C799B00CCEE6C /* GeoVisDrawLines.swift */ = {isa = PBXFileReference; lastKnownFileType = sourcecode.swift; path = GeoVisDrawLines.swift; sourceTree = "<group>"; };
		06BA35BE206C8C8900CCEE6C /* ImageAnnotation.swift */ = {isa = PBXFileReference; lastKnownFileType = sourcecode.swift; path = ImageAnnotation.swift; sourceTree = "<group>"; };
		06C584262069AC00001EBBCB /* AsyncImageView.swift */ = {isa = PBXFileReference; lastKnownFileType = sourcecode.swift; path = AsyncImageView.swift; sourceTree = "<group>"; };
		06C99E53206836D800B9757A /* CirclesTable.swift */ = {isa = PBXFileReference; lastKnownFileType = sourcecode.swift; path = CirclesTable.swift; sourceTree = "<group>"; };
		06C99E5620685BE900B9757A /* VisualizationMenu.swift */ = {isa = PBXFileReference; lastKnownFileType = sourcecode.swift; path = VisualizationMenu.swift; sourceTree = "<group>"; };
		06D6A4F720667DCB007BB265 /* Podfile */ = {isa = PBXFileReference; lastKnownFileType = text; path = Podfile; sourceTree = SOURCE_ROOT; xcLanguageSpecificationIdentifier = xcode.lang.ruby; };
		651941A3B47AB9F572AFEA1C /* Pods-DealmakerUITests.release.xcconfig */ = {isa = PBXFileReference; includeInIndex = 1; lastKnownFileType = text.xcconfig; name = "Pods-DealmakerUITests.release.xcconfig"; path = "Pods/Target Support Files/Pods-DealmakerUITests/Pods-DealmakerUITests.release.xcconfig"; sourceTree = "<group>"; };
		6B978856EAE4D8652E1F0747 /* Pods_DealmakerUITests.framework */ = {isa = PBXFileReference; explicitFileType = wrapper.framework; includeInIndex = 0; path = Pods_DealmakerUITests.framework; sourceTree = BUILT_PRODUCTS_DIR; };
		AE6E75E5547192F995694A90 /* Pods-Dealmaker.release.xcconfig */ = {isa = PBXFileReference; includeInIndex = 1; lastKnownFileType = text.xcconfig; name = "Pods-Dealmaker.release.xcconfig"; path = "Pods/Target Support Files/Pods-Dealmaker/Pods-Dealmaker.release.xcconfig"; sourceTree = "<group>"; };
		B182213AD81C1A18385A4BAB /* Pods-DealmakerTests.debug.xcconfig */ = {isa = PBXFileReference; includeInIndex = 1; lastKnownFileType = text.xcconfig; name = "Pods-DealmakerTests.debug.xcconfig"; path = "Pods/Target Support Files/Pods-DealmakerTests/Pods-DealmakerTests.debug.xcconfig"; sourceTree = "<group>"; };
		B66A95E690A2195CE1946A83 /* Pods_DealmakerTests.framework */ = {isa = PBXFileReference; explicitFileType = wrapper.framework; includeInIndex = 0; path = Pods_DealmakerTests.framework; sourceTree = BUILT_PRODUCTS_DIR; };
		E15C727B5C5F0011FC85626A /* Pods-DealmakerUITests.debug.xcconfig */ = {isa = PBXFileReference; includeInIndex = 1; lastKnownFileType = text.xcconfig; name = "Pods-DealmakerUITests.debug.xcconfig"; path = "Pods/Target Support Files/Pods-DealmakerUITests/Pods-DealmakerUITests.debug.xcconfig"; sourceTree = "<group>"; };
		EB56BCEEB95EF78E166A146A /* Pods_Dealmaker.framework */ = {isa = PBXFileReference; explicitFileType = wrapper.framework; includeInIndex = 0; path = Pods_Dealmaker.framework; sourceTree = BUILT_PRODUCTS_DIR; };
		F6C1706114D4DC551B7479CF /* Pods-Dealmaker.debug.xcconfig */ = {isa = PBXFileReference; includeInIndex = 1; lastKnownFileType = text.xcconfig; name = "Pods-Dealmaker.debug.xcconfig"; path = "Pods/Target Support Files/Pods-Dealmaker/Pods-Dealmaker.debug.xcconfig"; sourceTree = "<group>"; };
/* End PBXFileReference section */

/* Begin PBXFrameworksBuildPhase section */
		065DD42F206676F200A8D8B6 /* Frameworks */ = {
			isa = PBXFrameworksBuildPhase;
			buildActionMask = 2147483647;
			files = (
				0457338064CADB062FFD3852 /* Pods_Dealmaker.framework in Frameworks */,
			);
			runOnlyForDeploymentPostprocessing = 0;
		};
		065DD443206676F200A8D8B6 /* Frameworks */ = {
			isa = PBXFrameworksBuildPhase;
			buildActionMask = 2147483647;
			files = (
				E204DD7FC607F621D574BEB9 /* Pods_DealmakerTests.framework in Frameworks */,
			);
			runOnlyForDeploymentPostprocessing = 0;
		};
		065DD44E206676F200A8D8B6 /* Frameworks */ = {
			isa = PBXFrameworksBuildPhase;
			buildActionMask = 2147483647;
			files = (
				365EC048E47AC97878D24382 /* Pods_DealmakerUITests.framework in Frameworks */,
			);
			runOnlyForDeploymentPostprocessing = 0;
		};
/* End PBXFrameworksBuildPhase section */

/* Begin PBXGroup section */
		0611F81220685E4E00C0D19D /* Circles bar */ = {
			isa = PBXGroup;
			children = (
				0679BA912067F95E005BB22C /* CirclesBar.swift */,
				0611F81520685E7B00C0D19D /* CirclesBarDelegate.swift */,
				0611F81320685E5F00C0D19D /* CircleView.swift */,
			);
			path = "Circles bar";
			sourceTree = "<group>";
		};
		0611F81720685ED200C0D19D /* Circles table */ = {
			isa = PBXGroup;
			children = (
				06C99E53206836D800B9757A /* CirclesTable.swift */,
				0611F8212068604700C0D19D /* CirclesTableItem.swift */,
				0611F81F20685FF300C0D19D /* CirclesTableDataSource.swift */,
				0611F81D20685FE100C0D19D /* CirclesTableCell.swift */,
			);
			path = "Circles table";
			sourceTree = "<group>";
		};
		0611F81C20685F7000C0D19D /* Visualization views */ = {
			isa = PBXGroup;
			children = (
				068F86D220715AF20064D1DE /* Partisanship */,
				067700C920703DFA009F6426 /* Wheel */,
				0629D643206AC5CA00F22346 /* Geographic */,
			);
			path = "Visualization views";
			sourceTree = "<group>";
		};
		0611F825206872AF00C0D19D /* Static data */ = {
			isa = PBXGroup;
			children = (
				0611F826206872BF00C0D19D /* states.txt */,
				0611F8282068743200C0D19D /* topics.txt */,
			);
			path = "Static data";
			sourceTree = "<group>";
		};
		0629D643206AC5CA00F22346 /* Geographic */ = {
			isa = PBXGroup;
			children = (
				062CCC0820673DCB00DE8A18 /* GeographicVisualizationView.swift */,
				06BA35BA206C78A400CCEE6C /* GeoVisDelegate.swift */,
				06658FEA206C104C000E0285 /* SliderDrawer.swift */,
				06982670206D4E52008CBA96 /* Draw */,
				0698266F206D4E38008CBA96 /* Data */,
			);
			path = Geographic;
			sourceTree = "<group>";
		};
		062CCC0720673DC000DE8A18 /* Visualization */ = {
			isa = PBXGroup;
			children = (
				06C99E5520683F6500B9757A /* Controller */,
				0611F81C20685F7000C0D19D /* Visualization views */,
				0611F825206872AF00C0D19D /* Static data */,
				067700D520703FE3009F6426 /* Congresspersons.swift */,
			);
			path = Visualization;
			sourceTree = "<group>";
		};
		065DD429206676F200A8D8B6 = {
			isa = PBXGroup;
			children = (
				065DD434206676F200A8D8B6 /* Dealmaker */,
				065DD433206676F200A8D8B6 /* Products */,
				EF2328562C5B5A0289EDD7B5 /* Pods */,
				3F292D922DA52F6454AC95BD /* Frameworks */,
			);
			sourceTree = "<group>";
		};
		065DD433206676F200A8D8B6 /* Products */ = {
			isa = PBXGroup;
			children = (
				065DD432206676F200A8D8B6 /* Dealmaker.app */,
				065DD446206676F200A8D8B6 /* DealmakerTests.xctest */,
				065DD451206676F200A8D8B6 /* DealmakerUITests.xctest */,
			);
			name = Products;
			sourceTree = "<group>";
		};
		065DD434206676F200A8D8B6 /* Dealmaker */ = {
			isa = PBXGroup;
			children = (
				065DD435206676F200A8D8B6 /* AppDelegate.swift */,
				065DD437206676F200A8D8B6 /* MainViewController.swift */,
				062CCC0720673DC000DE8A18 /* Visualization */,
				065DD487206677E400A8D8B6 /* UI components */,
				065DD439206676F200A8D8B6 /* Main.storyboard */,
				065DD43C206676F200A8D8B6 /* Assets.xcassets */,
				065DD43E206676F200A8D8B6 /* LaunchScreen.storyboard */,
				065DD441206676F200A8D8B6 /* Info.plist */,
				06D6A4F720667DCB007BB265 /* Podfile */,
				065DD467206677AA00A8D8B6 /* Fonts */,
			);
			path = Dealmaker;
			sourceTree = "<group>";
		};
		065DD467206677AA00A8D8B6 /* Fonts */ = {
			isa = PBXGroup;
			children = (
				065DD48A20667B4200A8D8B6 /* Kiona-Regular.ttf */,
			);
			path = Fonts;
			sourceTree = "<group>";
		};
		065DD487206677E400A8D8B6 /* UI components */ = {
			isa = PBXGroup;
			children = (
				065DD485206677DC00A8D8B6 /* LogoAnim.swift */,
				065DD4632066774700A8D8B6 /* Colors.swift */,
				065DD4652066775D00A8D8B6 /* UI components.swift */,
				062CCC1320674DDD00DE8A18 /* ButtonHelper.swift */,
				06C584262069AC00001EBBCB /* AsyncImageView.swift */,
			);
			path = "UI components";
			sourceTree = "<group>";
		};
		067700C920703DFA009F6426 /* Wheel */ = {
			isa = PBXGroup;
			children = (
				067700CA20703E47009F6426 /* WheelVisualizationView.swift */,
				062C19D5207065490093EB1D /* Touch delegate.swift */,
				067700D8207051DB009F6426 /* WheelDraw.swift */,
				067700CC20703F0B009F6426 /* Data */,
			);
			path = Wheel;
			sourceTree = "<group>";
		};
		067700CC20703F0B009F6426 /* Data */ = {
			isa = PBXGroup;
			children = (
				067700CD20703F0B009F6426 /* W Fetch data.swift */,
				067700CE20703F0B009F6426 /* W Parse data.swift */,
			);
			path = Data;
			sourceTree = "<group>";
		};
		068F86D220715AF20064D1DE /* Partisanship */ = {
			isa = PBXGroup;
			children = (
				068F86D320715B030064D1DE /* PartisanshipVisualizationView.swift */,
				068F86DA20715DBB0064D1DE /* P table delegate.swift */,
				068F86DE207160230064D1DE /* P table datasource.swift */,
				068F86DC20715E9D0064D1DE /* PartisanshipCell.swift */,
				068F86E0207164F50064D1DE /* PartisanshipSlider.swift */,
				068F86D520715B100064D1DE /* Data */,
			);
			path = Partisanship;
			sourceTree = "<group>";
		};
		068F86D520715B100064D1DE /* Data */ = {
			isa = PBXGroup;
			children = (
				068F86D620715B190064D1DE /* P Fetch data.swift */,
				068F86D820715B1E0064D1DE /* P Parse data.swift */,
			);
			path = Data;
			sourceTree = "<group>";
		};
		0698266D206D4DCE008CBA96 /* Menu */ = {
			isa = PBXGroup;
			children = (
				06C99E5620685BE900B9757A /* VisualizationMenu.swift */,
				0611F82A206884D200C0D19D /* Setup selected.swift */,
			);
			path = Menu;
			sourceTree = "<group>";
		};
		0698266F206D4E38008CBA96 /* Data */ = {
			isa = PBXGroup;
			children = (
				067700D120703F9E009F6426 /* G Fetch data.swift */,
				067700D220703F9E009F6426 /* G Parse data.swift */,
			);
			path = Data;
			sourceTree = "<group>";
		};
		06982670206D4E52008CBA96 /* Draw */ = {
			isa = PBXGroup;
			children = (
				06BA35BC206C799B00CCEE6C /* GeoVisDrawLines.swift */,
				06BA35BE206C8C8900CCEE6C /* ImageAnnotation.swift */,
				0629D645206AC5E000F22346 /* Lines overlay.swift */,
			);
			path = Draw;
			sourceTree = "<group>";
		};
		06C99E52206836C900B9757A /* Circles picker */ = {
			isa = PBXGroup;
			children = (
				0611F81220685E4E00C0D19D /* Circles bar */,
				0611F81720685ED200C0D19D /* Circles table */,
			);
			path = "Circles picker";
			sourceTree = "<group>";
		};
		06C99E5520683F6500B9757A /* Controller */ = {
			isa = PBXGroup;
			children = (
				062CCC0520673DAB00DE8A18 /* VisualizationViewController.swift */,
				0611F81820685EFC00C0D19D /* Visualization helper.swift */,
				0698266D206D4DCE008CBA96 /* Menu */,
				06C99E52206836C900B9757A /* Circles picker */,
			);
			path = Controller;
			sourceTree = "<group>";
		};
		3F292D922DA52F6454AC95BD /* Frameworks */ = {
			isa = PBXGroup;
			children = (
				EB56BCEEB95EF78E166A146A /* Pods_Dealmaker.framework */,
				B66A95E690A2195CE1946A83 /* Pods_DealmakerTests.framework */,
				6B978856EAE4D8652E1F0747 /* Pods_DealmakerUITests.framework */,
			);
			name = Frameworks;
			sourceTree = "<group>";
		};
		EF2328562C5B5A0289EDD7B5 /* Pods */ = {
			isa = PBXGroup;
			children = (
				F6C1706114D4DC551B7479CF /* Pods-Dealmaker.debug.xcconfig */,
				AE6E75E5547192F995694A90 /* Pods-Dealmaker.release.xcconfig */,
				B182213AD81C1A18385A4BAB /* Pods-DealmakerTests.debug.xcconfig */,
				05B8362C104BACCB04EC64BF /* Pods-DealmakerTests.release.xcconfig */,
				E15C727B5C5F0011FC85626A /* Pods-DealmakerUITests.debug.xcconfig */,
				651941A3B47AB9F572AFEA1C /* Pods-DealmakerUITests.release.xcconfig */,
			);
			name = Pods;
			sourceTree = "<group>";
		};
/* End PBXGroup section */

/* Begin PBXNativeTarget section */
		065DD431206676F200A8D8B6 /* Dealmaker */ = {
			isa = PBXNativeTarget;
			buildConfigurationList = 065DD45A206676F200A8D8B6 /* Build configuration list for PBXNativeTarget "Dealmaker" */;
			buildPhases = (
				0E2F1B238CAB90C3B0D2231E /* [CP] Check Pods Manifest.lock */,
				065DD42E206676F200A8D8B6 /* Sources */,
				065DD42F206676F200A8D8B6 /* Frameworks */,
				065DD430206676F200A8D8B6 /* Resources */,
				5D1F54BB2FD0BE6D86752D74 /* [CP] Embed Pods Frameworks */,
				BBE4E02B01AA2C10DBA0AE09 /* [CP] Copy Pods Resources */,
			);
			buildRules = (
			);
			dependencies = (
			);
			name = Dealmaker;
			productName = Dealmaker;
			productReference = 065DD432206676F200A8D8B6 /* Dealmaker.app */;
			productType = "com.apple.product-type.application";
		};
		065DD445206676F200A8D8B6 /* DealmakerTests */ = {
			isa = PBXNativeTarget;
			buildConfigurationList = 065DD45D206676F200A8D8B6 /* Build configuration list for PBXNativeTarget "DealmakerTests" */;
			buildPhases = (
				AE6D16ADF0C2E9148C40F268 /* [CP] Check Pods Manifest.lock */,
				065DD442206676F200A8D8B6 /* Sources */,
				065DD443206676F200A8D8B6 /* Frameworks */,
				065DD444206676F200A8D8B6 /* Resources */,
				3FAE29010E00CA5258A6B5FA /* [CP] Embed Pods Frameworks */,
				F61FE26C757A882895F825A8 /* [CP] Copy Pods Resources */,
			);
			buildRules = (
			);
			dependencies = (
				065DD448206676F200A8D8B6 /* PBXTargetDependency */,
			);
			name = DealmakerTests;
			productName = DealmakerTests;
			productReference = 065DD446206676F200A8D8B6 /* DealmakerTests.xctest */;
			productType = "com.apple.product-type.bundle.unit-test";
		};
		065DD450206676F200A8D8B6 /* DealmakerUITests */ = {
			isa = PBXNativeTarget;
			buildConfigurationList = 065DD460206676F200A8D8B6 /* Build configuration list for PBXNativeTarget "DealmakerUITests" */;
			buildPhases = (
				D9F356658EAB4B53CDD6F5FB /* [CP] Check Pods Manifest.lock */,
				065DD44D206676F200A8D8B6 /* Sources */,
				065DD44E206676F200A8D8B6 /* Frameworks */,
				065DD44F206676F200A8D8B6 /* Resources */,
				124682137E24B02343EDF6DE /* [CP] Embed Pods Frameworks */,
				7F16C7C370D4715C79F8BAAE /* [CP] Copy Pods Resources */,
			);
			buildRules = (
			);
			dependencies = (
				065DD453206676F200A8D8B6 /* PBXTargetDependency */,
			);
			name = DealmakerUITests;
			productName = DealmakerUITests;
			productReference = 065DD451206676F200A8D8B6 /* DealmakerUITests.xctest */;
			productType = "com.apple.product-type.bundle.ui-testing";
		};
/* End PBXNativeTarget section */

/* Begin PBXProject section */
		065DD42A206676F200A8D8B6 /* Project object */ = {
			isa = PBXProject;
			attributes = {
				LastSwiftUpdateCheck = 0920;
				LastUpgradeCheck = 0920;
				ORGANIZATIONNAME = "Daniel Vebman";
				TargetAttributes = {
					065DD431206676F200A8D8B6 = {
						CreatedOnToolsVersion = 9.2;
						ProvisioningStyle = Automatic;
					};
					065DD445206676F200A8D8B6 = {
						CreatedOnToolsVersion = 9.2;
						ProvisioningStyle = Automatic;
						TestTargetID = 065DD431206676F200A8D8B6;
					};
					065DD450206676F200A8D8B6 = {
						CreatedOnToolsVersion = 9.2;
						ProvisioningStyle = Automatic;
						TestTargetID = 065DD431206676F200A8D8B6;
					};
				};
			};
			buildConfigurationList = 065DD42D206676F200A8D8B6 /* Build configuration list for PBXProject "Dealmaker" */;
			compatibilityVersion = "Xcode 8.0";
			developmentRegion = en;
			hasScannedForEncodings = 0;
			knownRegions = (
				en,
				Base,
			);
			mainGroup = 065DD429206676F200A8D8B6;
			productRefGroup = 065DD433206676F200A8D8B6 /* Products */;
			projectDirPath = "";
			projectRoot = "";
			targets = (
				065DD431206676F200A8D8B6 /* Dealmaker */,
				065DD445206676F200A8D8B6 /* DealmakerTests */,
				065DD450206676F200A8D8B6 /* DealmakerUITests */,
			);
		};
/* End PBXProject section */

/* Begin PBXResourcesBuildPhase section */
		065DD430206676F200A8D8B6 /* Resources */ = {
			isa = PBXResourcesBuildPhase;
			buildActionMask = 2147483647;
			files = (
				0611F827206872BF00C0D19D /* states.txt in Resources */,
				065DD440206676F200A8D8B6 /* LaunchScreen.storyboard in Resources */,
				0611F8292068743200C0D19D /* topics.txt in Resources */,
				065DD43D206676F200A8D8B6 /* Assets.xcassets in Resources */,
				065DD43B206676F200A8D8B6 /* Main.storyboard in Resources */,
				065DD48B20667B4200A8D8B6 /* Kiona-Regular.ttf in Resources */,
			);
			runOnlyForDeploymentPostprocessing = 0;
		};
		065DD444206676F200A8D8B6 /* Resources */ = {
			isa = PBXResourcesBuildPhase;
			buildActionMask = 2147483647;
			files = (
			);
			runOnlyForDeploymentPostprocessing = 0;
		};
		065DD44F206676F200A8D8B6 /* Resources */ = {
			isa = PBXResourcesBuildPhase;
			buildActionMask = 2147483647;
			files = (
			);
			runOnlyForDeploymentPostprocessing = 0;
		};
/* End PBXResourcesBuildPhase section */

/* Begin PBXShellScriptBuildPhase section */
		0E2F1B238CAB90C3B0D2231E /* [CP] Check Pods Manifest.lock */ = {
			isa = PBXShellScriptBuildPhase;
			buildActionMask = 2147483647;
			files = (
			);
			inputPaths = (
				"${PODS_PODFILE_DIR_PATH}/Podfile.lock",
				"${PODS_ROOT}/Manifest.lock",
			);
			name = "[CP] Check Pods Manifest.lock";
			outputPaths = (
				"$(DERIVED_FILE_DIR)/Pods-Dealmaker-checkManifestLockResult.txt",
			);
			runOnlyForDeploymentPostprocessing = 0;
			shellPath = /bin/sh;
			shellScript = "diff \"${PODS_PODFILE_DIR_PATH}/Podfile.lock\" \"${PODS_ROOT}/Manifest.lock\" > /dev/null\nif [ $? != 0 ] ; then\n    # print error to STDERR\n    echo \"error: The sandbox is not in sync with the Podfile.lock. Run 'pod install' or update your CocoaPods installation.\" >&2\n    exit 1\nfi\n# This output is used by Xcode 'outputs' to avoid re-running this script phase.\necho \"SUCCESS\" > \"${SCRIPT_OUTPUT_FILE_0}\"\n";
			showEnvVarsInLog = 0;
		};
		124682137E24B02343EDF6DE /* [CP] Embed Pods Frameworks */ = {
			isa = PBXShellScriptBuildPhase;
			buildActionMask = 2147483647;
			files = (
			);
			inputPaths = (
			);
			name = "[CP] Embed Pods Frameworks";
			outputPaths = (
			);
			runOnlyForDeploymentPostprocessing = 0;
			shellPath = /bin/sh;
			shellScript = "\"${SRCROOT}/Pods/Target Support Files/Pods-DealmakerUITests/Pods-DealmakerUITests-frameworks.sh\"\n";
			showEnvVarsInLog = 0;
		};
		3FAE29010E00CA5258A6B5FA /* [CP] Embed Pods Frameworks */ = {
			isa = PBXShellScriptBuildPhase;
			buildActionMask = 2147483647;
			files = (
			);
			inputPaths = (
			);
			name = "[CP] Embed Pods Frameworks";
			outputPaths = (
			);
			runOnlyForDeploymentPostprocessing = 0;
			shellPath = /bin/sh;
			shellScript = "\"${SRCROOT}/Pods/Target Support Files/Pods-DealmakerTests/Pods-DealmakerTests-frameworks.sh\"\n";
			showEnvVarsInLog = 0;
		};
		5D1F54BB2FD0BE6D86752D74 /* [CP] Embed Pods Frameworks */ = {
			isa = PBXShellScriptBuildPhase;
			buildActionMask = 2147483647;
			files = (
			);
			inputPaths = (
				"${SRCROOT}/Pods/Target Support Files/Pods-Dealmaker/Pods-Dealmaker-frameworks.sh",
				"${BUILT_PRODUCTS_DIR}/M13Checkbox/M13Checkbox.framework",
				"${BUILT_PRODUCTS_DIR}/SCLAlertView/SCLAlertView.framework",
				"${BUILT_PRODUCTS_DIR}/SwiftSpinner/SwiftSpinner.framework",
				"${BUILT_PRODUCTS_DIR}/Toast-Swift/Toast_Swift.framework",
			);
			name = "[CP] Embed Pods Frameworks";
			outputPaths = (
				"${TARGET_BUILD_DIR}/${FRAMEWORKS_FOLDER_PATH}/M13Checkbox.framework",
				"${TARGET_BUILD_DIR}/${FRAMEWORKS_FOLDER_PATH}/SCLAlertView.framework",
				"${TARGET_BUILD_DIR}/${FRAMEWORKS_FOLDER_PATH}/SwiftSpinner.framework",
				"${TARGET_BUILD_DIR}/${FRAMEWORKS_FOLDER_PATH}/Toast_Swift.framework",
			);
			runOnlyForDeploymentPostprocessing = 0;
			shellPath = /bin/sh;
			shellScript = "\"${SRCROOT}/Pods/Target Support Files/Pods-Dealmaker/Pods-Dealmaker-frameworks.sh\"\n";
			showEnvVarsInLog = 0;
		};
		7F16C7C370D4715C79F8BAAE /* [CP] Copy Pods Resources */ = {
			isa = PBXShellScriptBuildPhase;
			buildActionMask = 2147483647;
			files = (
			);
			inputPaths = (
			);
			name = "[CP] Copy Pods Resources";
			outputPaths = (
			);
			runOnlyForDeploymentPostprocessing = 0;
			shellPath = /bin/sh;
			shellScript = "\"${SRCROOT}/Pods/Target Support Files/Pods-DealmakerUITests/Pods-DealmakerUITests-resources.sh\"\n";
			showEnvVarsInLog = 0;
		};
		AE6D16ADF0C2E9148C40F268 /* [CP] Check Pods Manifest.lock */ = {
			isa = PBXShellScriptBuildPhase;
			buildActionMask = 2147483647;
			files = (
			);
			inputPaths = (
				"${PODS_PODFILE_DIR_PATH}/Podfile.lock",
				"${PODS_ROOT}/Manifest.lock",
			);
			name = "[CP] Check Pods Manifest.lock";
			outputPaths = (
				"$(DERIVED_FILE_DIR)/Pods-DealmakerTests-checkManifestLockResult.txt",
			);
			runOnlyForDeploymentPostprocessing = 0;
			shellPath = /bin/sh;
			shellScript = "diff \"${PODS_PODFILE_DIR_PATH}/Podfile.lock\" \"${PODS_ROOT}/Manifest.lock\" > /dev/null\nif [ $? != 0 ] ; then\n    # print error to STDERR\n    echo \"error: The sandbox is not in sync with the Podfile.lock. Run 'pod install' or update your CocoaPods installation.\" >&2\n    exit 1\nfi\n# This output is used by Xcode 'outputs' to avoid re-running this script phase.\necho \"SUCCESS\" > \"${SCRIPT_OUTPUT_FILE_0}\"\n";
			showEnvVarsInLog = 0;
		};
		BBE4E02B01AA2C10DBA0AE09 /* [CP] Copy Pods Resources */ = {
			isa = PBXShellScriptBuildPhase;
			buildActionMask = 2147483647;
			files = (
			);
			inputPaths = (
			);
			name = "[CP] Copy Pods Resources";
			outputPaths = (
			);
			runOnlyForDeploymentPostprocessing = 0;
			shellPath = /bin/sh;
			shellScript = "\"${SRCROOT}/Pods/Target Support Files/Pods-Dealmaker/Pods-Dealmaker-resources.sh\"\n";
			showEnvVarsInLog = 0;
		};
		D9F356658EAB4B53CDD6F5FB /* [CP] Check Pods Manifest.lock */ = {
			isa = PBXShellScriptBuildPhase;
			buildActionMask = 2147483647;
			files = (
			);
			inputPaths = (
				"${PODS_PODFILE_DIR_PATH}/Podfile.lock",
				"${PODS_ROOT}/Manifest.lock",
			);
			name = "[CP] Check Pods Manifest.lock";
			outputPaths = (
				"$(DERIVED_FILE_DIR)/Pods-DealmakerUITests-checkManifestLockResult.txt",
			);
			runOnlyForDeploymentPostprocessing = 0;
			shellPath = /bin/sh;
			shellScript = "diff \"${PODS_PODFILE_DIR_PATH}/Podfile.lock\" \"${PODS_ROOT}/Manifest.lock\" > /dev/null\nif [ $? != 0 ] ; then\n    # print error to STDERR\n    echo \"error: The sandbox is not in sync with the Podfile.lock. Run 'pod install' or update your CocoaPods installation.\" >&2\n    exit 1\nfi\n# This output is used by Xcode 'outputs' to avoid re-running this script phase.\necho \"SUCCESS\" > \"${SCRIPT_OUTPUT_FILE_0}\"\n";
			showEnvVarsInLog = 0;
		};
		F61FE26C757A882895F825A8 /* [CP] Copy Pods Resources */ = {
			isa = PBXShellScriptBuildPhase;
			buildActionMask = 2147483647;
			files = (
			);
			inputPaths = (
			);
			name = "[CP] Copy Pods Resources";
			outputPaths = (
			);
			runOnlyForDeploymentPostprocessing = 0;
			shellPath = /bin/sh;
			shellScript = "\"${SRCROOT}/Pods/Target Support Files/Pods-DealmakerTests/Pods-DealmakerTests-resources.sh\"\n";
			showEnvVarsInLog = 0;
		};
/* End PBXShellScriptBuildPhase section */

/* Begin PBXSourcesBuildPhase section */
		065DD42E206676F200A8D8B6 /* Sources */ = {
			isa = PBXSourcesBuildPhase;
			buildActionMask = 2147483647;
			files = (
				067700D420703F9E009F6426 /* G Parse data.swift in Sources */,
				067700D9207051DB009F6426 /* WheelDraw.swift in Sources */,
				062CCC1420674DDD00DE8A18 /* ButtonHelper.swift in Sources */,
				068F86DB20715DBB0064D1DE /* P table delegate.swift in Sources */,
				06BA35BD206C799B00CCEE6C /* GeoVisDrawLines.swift in Sources */,
				0611F82B206884D200C0D19D /* Setup selected.swift in Sources */,
				06BA35BB206C78A400CCEE6C /* GeoVisDelegate.swift in Sources */,
				067700D320703F9E009F6426 /* G Fetch data.swift in Sources */,
				06C99E54206836D800B9757A /* CirclesTable.swift in Sources */,
				068F86E1207164F50064D1DE /* PartisanshipSlider.swift in Sources */,
				067700D020703F0B009F6426 /* W Parse data.swift in Sources */,
				065DD486206677DC00A8D8B6 /* LogoAnim.swift in Sources */,
				065DD438206676F200A8D8B6 /* MainViewController.swift in Sources */,
				0611F8222068604700C0D19D /* CirclesTableItem.swift in Sources */,
				065DD4642066774700A8D8B6 /* Colors.swift in Sources */,
				062C19D6207065490093EB1D /* Touch delegate.swift in Sources */,
				067700D620703FE3009F6426 /* Congresspersons.swift in Sources */,
				0611F81420685E5F00C0D19D /* CircleView.swift in Sources */,
				0679BA922067F95E005BB22C /* CirclesBar.swift in Sources */,
				06C584272069AC00001EBBCB /* AsyncImageView.swift in Sources */,
				0611F81620685E7B00C0D19D /* CirclesBarDelegate.swift in Sources */,
				06BA35BF206C8C8900CCEE6C /* ImageAnnotation.swift in Sources */,
				068F86D920715B1E0064D1DE /* P Parse data.swift in Sources */,
				062CCC0920673DCB00DE8A18 /* GeographicVisualizationView.swift in Sources */,
				068F86D420715B030064D1DE /* PartisanshipVisualizationView.swift in Sources */,
				0611F82020685FF300C0D19D /* CirclesTableDataSource.swift in Sources */,
				0611F81920685EFC00C0D19D /* Visualization helper.swift in Sources */,
				068F86DF207160230064D1DE /* P table datasource.swift in Sources */,
				062CCC0620673DAB00DE8A18 /* VisualizationViewController.swift in Sources */,
				0629D646206AC5E000F22346 /* Lines overlay.swift in Sources */,
				065DD4662066775D00A8D8B6 /* UI components.swift in Sources */,
				065DD436206676F200A8D8B6 /* AppDelegate.swift in Sources */,
				067700CF20703F0B009F6426 /* W Fetch data.swift in Sources */,
				068F86D720715B190064D1DE /* P Fetch data.swift in Sources */,
				0611F81E20685FE100C0D19D /* CirclesTableCell.swift in Sources */,
				06C99E5720685BE900B9757A /* VisualizationMenu.swift in Sources */,
				068F86DD20715E9D0064D1DE /* PartisanshipCell.swift in Sources */,
				067700CB20703E47009F6426 /* WheelVisualizationView.swift in Sources */,
				06658FEB206C104C000E0285 /* SliderDrawer.swift in Sources */,
			);
			runOnlyForDeploymentPostprocessing = 0;
		};
		065DD442206676F200A8D8B6 /* Sources */ = {
			isa = PBXSourcesBuildPhase;
			buildActionMask = 2147483647;
			files = (
			);
			runOnlyForDeploymentPostprocessing = 0;
		};
		065DD44D206676F200A8D8B6 /* Sources */ = {
			isa = PBXSourcesBuildPhase;
			buildActionMask = 2147483647;
			files = (
			);
			runOnlyForDeploymentPostprocessing = 0;
		};
/* End PBXSourcesBuildPhase section */

/* Begin PBXTargetDependency section */
		065DD448206676F200A8D8B6 /* PBXTargetDependency */ = {
			isa = PBXTargetDependency;
			target = 065DD431206676F200A8D8B6 /* Dealmaker */;
			targetProxy = 065DD447206676F200A8D8B6 /* PBXContainerItemProxy */;
		};
		065DD453206676F200A8D8B6 /* PBXTargetDependency */ = {
			isa = PBXTargetDependency;
			target = 065DD431206676F200A8D8B6 /* Dealmaker */;
			targetProxy = 065DD452206676F200A8D8B6 /* PBXContainerItemProxy */;
		};
/* End PBXTargetDependency section */

/* Begin PBXVariantGroup section */
		065DD439206676F200A8D8B6 /* Main.storyboard */ = {
			isa = PBXVariantGroup;
			children = (
				065DD43A206676F200A8D8B6 /* Base */,
			);
			name = Main.storyboard;
			sourceTree = "<group>";
		};
		065DD43E206676F200A8D8B6 /* LaunchScreen.storyboard */ = {
			isa = PBXVariantGroup;
			children = (
				065DD43F206676F200A8D8B6 /* Base */,
			);
			name = LaunchScreen.storyboard;
			sourceTree = "<group>";
		};
/* End PBXVariantGroup section */

/* Begin XCBuildConfiguration section */
		065DD458206676F200A8D8B6 /* Debug */ = {
			isa = XCBuildConfiguration;
			buildSettings = {
				ALWAYS_SEARCH_USER_PATHS = NO;
				CLANG_ANALYZER_NONNULL = YES;
				CLANG_ANALYZER_NUMBER_OBJECT_CONVERSION = YES_AGGRESSIVE;
				CLANG_CXX_LANGUAGE_STANDARD = "gnu++14";
				CLANG_CXX_LIBRARY = "libc++";
				CLANG_ENABLE_MODULES = YES;
				CLANG_ENABLE_OBJC_ARC = YES;
				CLANG_WARN_BLOCK_CAPTURE_AUTORELEASING = YES;
				CLANG_WARN_BOOL_CONVERSION = YES;
				CLANG_WARN_COMMA = YES;
				CLANG_WARN_CONSTANT_CONVERSION = YES;
				CLANG_WARN_DIRECT_OBJC_ISA_USAGE = YES_ERROR;
				CLANG_WARN_DOCUMENTATION_COMMENTS = YES;
				CLANG_WARN_EMPTY_BODY = YES;
				CLANG_WARN_ENUM_CONVERSION = YES;
				CLANG_WARN_INFINITE_RECURSION = YES;
				CLANG_WARN_INT_CONVERSION = YES;
				CLANG_WARN_NON_LITERAL_NULL_CONVERSION = YES;
				CLANG_WARN_OBJC_LITERAL_CONVERSION = YES;
				CLANG_WARN_OBJC_ROOT_CLASS = YES_ERROR;
				CLANG_WARN_RANGE_LOOP_ANALYSIS = YES;
				CLANG_WARN_STRICT_PROTOTYPES = YES;
				CLANG_WARN_SUSPICIOUS_MOVE = YES;
				CLANG_WARN_UNGUARDED_AVAILABILITY = YES_AGGRESSIVE;
				CLANG_WARN_UNREACHABLE_CODE = YES;
				CLANG_WARN__DUPLICATE_METHOD_MATCH = YES;
				CODE_SIGN_IDENTITY = "iPhone Developer";
				COPY_PHASE_STRIP = NO;
				DEBUG_INFORMATION_FORMAT = dwarf;
				ENABLE_STRICT_OBJC_MSGSEND = YES;
				ENABLE_TESTABILITY = YES;
				GCC_C_LANGUAGE_STANDARD = gnu11;
				GCC_DYNAMIC_NO_PIC = NO;
				GCC_NO_COMMON_BLOCKS = YES;
				GCC_OPTIMIZATION_LEVEL = 0;
				GCC_PREPROCESSOR_DEFINITIONS = (
					"DEBUG=1",
					"$(inherited)",
				);
				GCC_WARN_64_TO_32_BIT_CONVERSION = YES;
				GCC_WARN_ABOUT_RETURN_TYPE = YES_ERROR;
				GCC_WARN_UNDECLARED_SELECTOR = YES;
				GCC_WARN_UNINITIALIZED_AUTOS = YES_AGGRESSIVE;
				GCC_WARN_UNUSED_FUNCTION = YES;
				GCC_WARN_UNUSED_VARIABLE = YES;
				IPHONEOS_DEPLOYMENT_TARGET = 11.2;
				MTL_ENABLE_DEBUG_INFO = YES;
				ONLY_ACTIVE_ARCH = YES;
				SDKROOT = iphoneos;
				SWIFT_ACTIVE_COMPILATION_CONDITIONS = DEBUG;
				SWIFT_OPTIMIZATION_LEVEL = "-Onone";
			};
			name = Debug;
		};
		065DD459206676F200A8D8B6 /* Release */ = {
			isa = XCBuildConfiguration;
			buildSettings = {
				ALWAYS_SEARCH_USER_PATHS = NO;
				CLANG_ANALYZER_NONNULL = YES;
				CLANG_ANALYZER_NUMBER_OBJECT_CONVERSION = YES_AGGRESSIVE;
				CLANG_CXX_LANGUAGE_STANDARD = "gnu++14";
				CLANG_CXX_LIBRARY = "libc++";
				CLANG_ENABLE_MODULES = YES;
				CLANG_ENABLE_OBJC_ARC = YES;
				CLANG_WARN_BLOCK_CAPTURE_AUTORELEASING = YES;
				CLANG_WARN_BOOL_CONVERSION = YES;
				CLANG_WARN_COMMA = YES;
				CLANG_WARN_CONSTANT_CONVERSION = YES;
				CLANG_WARN_DIRECT_OBJC_ISA_USAGE = YES_ERROR;
				CLANG_WARN_DOCUMENTATION_COMMENTS = YES;
				CLANG_WARN_EMPTY_BODY = YES;
				CLANG_WARN_ENUM_CONVERSION = YES;
				CLANG_WARN_INFINITE_RECURSION = YES;
				CLANG_WARN_INT_CONVERSION = YES;
				CLANG_WARN_NON_LITERAL_NULL_CONVERSION = YES;
				CLANG_WARN_OBJC_LITERAL_CONVERSION = YES;
				CLANG_WARN_OBJC_ROOT_CLASS = YES_ERROR;
				CLANG_WARN_RANGE_LOOP_ANALYSIS = YES;
				CLANG_WARN_STRICT_PROTOTYPES = YES;
				CLANG_WARN_SUSPICIOUS_MOVE = YES;
				CLANG_WARN_UNGUARDED_AVAILABILITY = YES_AGGRESSIVE;
				CLANG_WARN_UNREACHABLE_CODE = YES;
				CLANG_WARN__DUPLICATE_METHOD_MATCH = YES;
				CODE_SIGN_IDENTITY = "iPhone Developer";
				COPY_PHASE_STRIP = NO;
				DEBUG_INFORMATION_FORMAT = "dwarf-with-dsym";
				ENABLE_NS_ASSERTIONS = NO;
				ENABLE_STRICT_OBJC_MSGSEND = YES;
				GCC_C_LANGUAGE_STANDARD = gnu11;
				GCC_NO_COMMON_BLOCKS = YES;
				GCC_WARN_64_TO_32_BIT_CONVERSION = YES;
				GCC_WARN_ABOUT_RETURN_TYPE = YES_ERROR;
				GCC_WARN_UNDECLARED_SELECTOR = YES;
				GCC_WARN_UNINITIALIZED_AUTOS = YES_AGGRESSIVE;
				GCC_WARN_UNUSED_FUNCTION = YES;
				GCC_WARN_UNUSED_VARIABLE = YES;
				IPHONEOS_DEPLOYMENT_TARGET = 11.2;
				MTL_ENABLE_DEBUG_INFO = NO;
				SDKROOT = iphoneos;
				SWIFT_OPTIMIZATION_LEVEL = "-Owholemodule";
				VALIDATE_PRODUCT = YES;
			};
			name = Release;
		};
		065DD45B206676F200A8D8B6 /* Debug */ = {
			isa = XCBuildConfiguration;
			baseConfigurationReference = F6C1706114D4DC551B7479CF /* Pods-Dealmaker.debug.xcconfig */;
			buildSettings = {
				ASSETCATALOG_COMPILER_APPICON_NAME = AppIcon;
				CODE_SIGN_STYLE = Automatic;
				DEVELOPMENT_TEAM = 9W8TDKYZ6C;
				INFOPLIST_FILE = Dealmaker/Info.plist;
				LD_RUNPATH_SEARCH_PATHS = "$(inherited) @executable_path/Frameworks";
				PRODUCT_BUNDLE_IDENTIFIER = danielvebman.Dealmaker;
				PRODUCT_NAME = "$(TARGET_NAME)";
				SWIFT_VERSION = 4.0;
				TARGETED_DEVICE_FAMILY = "1,2";
			};
			name = Debug;
		};
		065DD45C206676F200A8D8B6 /* Release */ = {
			isa = XCBuildConfiguration;
			baseConfigurationReference = AE6E75E5547192F995694A90 /* Pods-Dealmaker.release.xcconfig */;
			buildSettings = {
				ASSETCATALOG_COMPILER_APPICON_NAME = AppIcon;
				CODE_SIGN_STYLE = Automatic;
				DEVELOPMENT_TEAM = 9W8TDKYZ6C;
				INFOPLIST_FILE = Dealmaker/Info.plist;
				LD_RUNPATH_SEARCH_PATHS = "$(inherited) @executable_path/Frameworks";
				PRODUCT_BUNDLE_IDENTIFIER = danielvebman.Dealmaker;
				PRODUCT_NAME = "$(TARGET_NAME)";
				SWIFT_VERSION = 4.0;
				TARGETED_DEVICE_FAMILY = "1,2";
			};
			name = Release;
		};
		065DD45E206676F200A8D8B6 /* Debug */ = {
			isa = XCBuildConfiguration;
			baseConfigurationReference = B182213AD81C1A18385A4BAB /* Pods-DealmakerTests.debug.xcconfig */;
			buildSettings = {
				ALWAYS_EMBED_SWIFT_STANDARD_LIBRARIES = YES;
				BUNDLE_LOADER = "$(TEST_HOST)";
				CODE_SIGN_STYLE = Automatic;
				INFOPLIST_FILE = DealmakerTests/Info.plist;
				LD_RUNPATH_SEARCH_PATHS = "$(inherited) @executable_path/Frameworks @loader_path/Frameworks";
				PRODUCT_BUNDLE_IDENTIFIER = danielvebman.DealmakerTests;
				PRODUCT_NAME = "$(TARGET_NAME)";
				SWIFT_VERSION = 4.0;
				TARGETED_DEVICE_FAMILY = "1,2";
				TEST_HOST = "$(BUILT_PRODUCTS_DIR)/Dealmaker.app/Dealmaker";
			};
			name = Debug;
		};
		065DD45F206676F200A8D8B6 /* Release */ = {
			isa = XCBuildConfiguration;
			baseConfigurationReference = 05B8362C104BACCB04EC64BF /* Pods-DealmakerTests.release.xcconfig */;
			buildSettings = {
				ALWAYS_EMBED_SWIFT_STANDARD_LIBRARIES = YES;
				BUNDLE_LOADER = "$(TEST_HOST)";
				CODE_SIGN_STYLE = Automatic;
				INFOPLIST_FILE = DealmakerTests/Info.plist;
				LD_RUNPATH_SEARCH_PATHS = "$(inherited) @executable_path/Frameworks @loader_path/Frameworks";
				PRODUCT_BUNDLE_IDENTIFIER = danielvebman.DealmakerTests;
				PRODUCT_NAME = "$(TARGET_NAME)";
				SWIFT_VERSION = 4.0;
				TARGETED_DEVICE_FAMILY = "1,2";
				TEST_HOST = "$(BUILT_PRODUCTS_DIR)/Dealmaker.app/Dealmaker";
			};
			name = Release;
		};
		065DD461206676F200A8D8B6 /* Debug */ = {
			isa = XCBuildConfiguration;
			baseConfigurationReference = E15C727B5C5F0011FC85626A /* Pods-DealmakerUITests.debug.xcconfig */;
			buildSettings = {
				ALWAYS_EMBED_SWIFT_STANDARD_LIBRARIES = YES;
				CODE_SIGN_STYLE = Automatic;
				INFOPLIST_FILE = DealmakerUITests/Info.plist;
				LD_RUNPATH_SEARCH_PATHS = "$(inherited) @executable_path/Frameworks @loader_path/Frameworks";
				PRODUCT_BUNDLE_IDENTIFIER = danielvebman.DealmakerUITests;
				PRODUCT_NAME = "$(TARGET_NAME)";
				SWIFT_VERSION = 4.0;
				TARGETED_DEVICE_FAMILY = "1,2";
				TEST_TARGET_NAME = Dealmaker;
			};
			name = Debug;
		};
		065DD462206676F200A8D8B6 /* Release */ = {
			isa = XCBuildConfiguration;
			baseConfigurationReference = 651941A3B47AB9F572AFEA1C /* Pods-DealmakerUITests.release.xcconfig */;
			buildSettings = {
				ALWAYS_EMBED_SWIFT_STANDARD_LIBRARIES = YES;
				CODE_SIGN_STYLE = Automatic;
				INFOPLIST_FILE = DealmakerUITests/Info.plist;
				LD_RUNPATH_SEARCH_PATHS = "$(inherited) @executable_path/Frameworks @loader_path/Frameworks";
				PRODUCT_BUNDLE_IDENTIFIER = danielvebman.DealmakerUITests;
				PRODUCT_NAME = "$(TARGET_NAME)";
				SWIFT_VERSION = 4.0;
				TARGETED_DEVICE_FAMILY = "1,2";
				TEST_TARGET_NAME = Dealmaker;
			};
			name = Release;
		};
/* End XCBuildConfiguration section */

/* Begin XCConfigurationList section */
		065DD42D206676F200A8D8B6 /* Build configuration list for PBXProject "Dealmaker" */ = {
			isa = XCConfigurationList;
			buildConfigurations = (
				065DD458206676F200A8D8B6 /* Debug */,
				065DD459206676F200A8D8B6 /* Release */,
			);
			defaultConfigurationIsVisible = 0;
			defaultConfigurationName = Release;
		};
		065DD45A206676F200A8D8B6 /* Build configuration list for PBXNativeTarget "Dealmaker" */ = {
			isa = XCConfigurationList;
			buildConfigurations = (
				065DD45B206676F200A8D8B6 /* Debug */,
				065DD45C206676F200A8D8B6 /* Release */,
			);
			defaultConfigurationIsVisible = 0;
			defaultConfigurationName = Release;
		};
		065DD45D206676F200A8D8B6 /* Build configuration list for PBXNativeTarget "DealmakerTests" */ = {
			isa = XCConfigurationList;
			buildConfigurations = (
				065DD45E206676F200A8D8B6 /* Debug */,
				065DD45F206676F200A8D8B6 /* Release */,
			);
			defaultConfigurationIsVisible = 0;
			defaultConfigurationName = Release;
		};
		065DD460206676F200A8D8B6 /* Build configuration list for PBXNativeTarget "DealmakerUITests" */ = {
			isa = XCConfigurationList;
			buildConfigurations = (
				065DD461206676F200A8D8B6 /* Debug */,
				065DD462206676F200A8D8B6 /* Release */,
			);
			defaultConfigurationIsVisible = 0;
			defaultConfigurationName = Release;
		};
/* End XCConfigurationList section */
	};
	rootObject = 065DD42A206676F200A8D8B6 /* Project object */;
}
